
Microsoft Visual Studio Solution File, Format Version 12.00
# Visual Studio 14
VisualStudioVersion = 14.0.23107.0
MinimumVisualStudioVersion = 10.0.40219.1
Project("{FAE04EC0-301F-11D3-BF4B-00C04F79EFBC}") = "Coderful.Analyzer", "Coderful.Analyzer\Coderful.Analyzer\Coderful.Analyzer.csproj", "{FE73303F-B0A7-4A27-BE05-960DFFD475BB}"
EndProject
Project("{FAE04EC0-301F-11D3-BF4B-00C04F79EFBC}") = "Coderful.Analyzer.Test", "Coderful.Analyzer\Coderful.Analyzer.Test\Coderful.Analyzer.Test.csproj", "{7ED2CF5A-1A42-4626-B18B-CAC4A766605A}"
EndProject
Project("{FAE04EC0-301F-11D3-BF4B-00C04F79EFBC}") = "Coderful.Analyzer.Vsix", "Coderful.Analyzer\Coderful.Analyzer.Vsix\Coderful.Analyzer.Vsix.csproj", "{EE2FA880-B86B-4467-BA22-1244192FC66D}"
EndProject
Global
	GlobalSection(SolutionConfigurationPlatforms) = preSolution
		Debug|Any CPU = Debug|Any CPU
		Release|Any CPU = Release|Any CPU
	EndGlobalSection
	GlobalSection(ProjectConfigurationPlatforms) = postSolution
		{FE73303F-B0A7-4A27-BE05-960DFFD475BB}.Debug|Any CPU.ActiveCfg = Debug|Any CPU
		{FE73303F-B0A7-4A27-BE05-960DFFD475BB}.Debug|Any CPU.Build.0 = Debug|Any CPU
		{FE73303F-B0A7-4A27-BE05-960DFFD475BB}.Release|Any CPU.ActiveCfg = Release|Any CPU
		{FE73303F-B0A7-4A27-BE05-960DFFD475BB}.Release|Any CPU.Build.0 = Release|Any CPU
		{7ED2CF5A-1A42-4626-B18B-CAC4A766605A}.Debug|Any CPU.ActiveCfg = Debug|Any CPU
		{7ED2CF5A-1A42-4626-B18B-CAC4A766605A}.Debug|Any CPU.Build.0 = Debug|Any CPU
		{7ED2CF5A-1A42-4626-B18B-CAC4A766605A}.Release|Any CPU.ActiveCfg = Release|Any CPU
		{7ED2CF5A-1A42-4626-B18B-CAC4A766605A}.Release|Any CPU.Build.0 = Release|Any CPU
		{EE2FA880-B86B-4467-BA22-1244192FC66D}.Debug|Any CPU.ActiveCfg = Debug|Any CPU
		{EE2FA880-B86B-4467-BA22-1244192FC66D}.Debug|Any CPU.Build.0 = Debug|Any CPU
		{EE2FA880-B86B-4467-BA22-1244192FC66D}.Release|Any CPU.ActiveCfg = Release|Any CPU
		{EE2FA880-B86B-4467-BA22-1244192FC66D}.Release|Any CPU.Build.0 = Release|Any CPU
	EndGlobalSection
	GlobalSection(SolutionProperties) = preSolution
		HideSolutionNode = FALSE
	EndGlobalSection
EndGlobal
